
Microsoft Visual Studio Solution File, Format Version 12.00
# Visual Studio 15
VisualStudioVersion = 15.0.27130.2024
MinimumVisualStudioVersion = 10.0.40219.1
Project("{FAE04EC0-301F-11D3-BF4B-00C04F79EFBC}") = "Programador apagado", "Programador apagado\Programador apagado.csproj", "{08CA0730-10E0-4066-840E-F6419B4BC585}"
EndProject
Global
	GlobalSection(SolutionConfigurationPlatforms) = preSolution
		Debug|Any CPU = Debug|Any CPU
		Release|Any CPU = Release|Any CPU
	EndGlobalSection
	GlobalSection(ProjectConfigurationPlatforms) = postSolution
		{08CA0730-10E0-4066-840E-F6419B4BC585}.Debug|Any CPU.ActiveCfg = Debug|Any CPU
		{08CA0730-10E0-4066-840E-F6419B4BC585}.Debug|Any CPU.Build.0 = Debug|Any CPU
		{08CA0730-10E0-4066-840E-F6419B4BC585}.Release|Any CPU.ActiveCfg = Release|Any CPU
		{08CA0730-10E0-4066-840E-F6419B4BC585}.Release|Any CPU.Build.0 = Release|Any CPU
	EndGlobalSection
	GlobalSection(SolutionProperties) = preSolution
		HideSolutionNode = FALSE
	EndGlobalSection
	GlobalSection(ExtensibilityGlobals) = postSolution
		SolutionGuid = {BF750A43-B4E7-4DDB-A827-8AFEC530F655}
	EndGlobalSection
EndGlobal
